
Microsoft Visual Studio Solution File, Format Version 12.00
# Visual Studio 14
VisualStudioVersion = 14.0.23107.0
MinimumVisualStudioVersion = 10.0.40219.1
Project("{8BC9CEB8-8B4A-11D0-8D11-00A0C91BC942}") = "SampleMaker", "SampleMaker\SampleMaker.vcxproj", "{4C7EC778-0E55-43C9-A381-A7B952A1A802}"
EndProject
Project("{FAE04EC0-301F-11D3-BF4B-00C04F79EFBC}") = "WpfMedia", "WpfMedia\WpfMedia.csproj", "{40028F1B-C6CE-4187-BE63-1912A34E5CEF}"
EndProject
Global
	GlobalSection(SolutionConfigurationPlatforms) = preSolution
		Debug|ARM = Debug|ARM
		Debug|x64 = Debug|x64
		Debug|x86 = Debug|x86
		Release|ARM = Release|ARM
		Release|x64 = Release|x64
		Release|x86 = Release|x86
	EndGlobalSection
	GlobalSection(ProjectConfigurationPlatforms) = postSolution
		{4C7EC778-0E55-43C9-A381-A7B952A1A802}.Debug|ARM.ActiveCfg = Debug|ARM
		{4C7EC778-0E55-43C9-A381-A7B952A1A802}.Debug|ARM.Build.0 = Debug|ARM
		{4C7EC778-0E55-43C9-A381-A7B952A1A802}.Debug|ARM.Deploy.0 = Debug|ARM
		{4C7EC778-0E55-43C9-A381-A7B952A1A802}.Debug|x64.ActiveCfg = Debug|x64
		{4C7EC778-0E55-43C9-A381-A7B952A1A802}.Debug|x64.Build.0 = Debug|x64
		{4C7EC778-0E55-43C9-A381-A7B952A1A802}.Debug|x86.ActiveCfg = Debug|Win32
		{4C7EC778-0E55-43C9-A381-A7B952A1A802}.Debug|x86.Build.0 = Debug|Win32
		{4C7EC778-0E55-43C9-A381-A7B952A1A802}.Release|ARM.ActiveCfg = Release|ARM
		{4C7EC778-0E55-43C9-A381-A7B952A1A802}.Release|ARM.Build.0 = Release|ARM
		{4C7EC778-0E55-43C9-A381-A7B952A1A802}.Release|x64.ActiveCfg = Release|x64
		{4C7EC778-0E55-43C9-A381-A7B952A1A802}.Release|x64.Build.0 = Release|x64
		{4C7EC778-0E55-43C9-A381-A7B952A1A802}.Release|x86.ActiveCfg = Release|Win32
		{4C7EC778-0E55-43C9-A381-A7B952A1A802}.Release|x86.Build.0 = Release|Win32
		{40028F1B-C6CE-4187-BE63-1912A34E5CEF}.Debug|ARM.ActiveCfg = Debug|ARM
		{40028F1B-C6CE-4187-BE63-1912A34E5CEF}.Debug|ARM.Build.0 = Debug|ARM
		{40028F1B-C6CE-4187-BE63-1912A34E5CEF}.Debug|ARM.Deploy.0 = Debug|ARM
		{40028F1B-C6CE-4187-BE63-1912A34E5CEF}.Debug|x64.ActiveCfg = Debug|x64
		{40028F1B-C6CE-4187-BE63-1912A34E5CEF}.Debug|x64.Build.0 = Debug|x64
		{40028F1B-C6CE-4187-BE63-1912A34E5CEF}.Debug|x64.Deploy.0 = Debug|x64
		{40028F1B-C6CE-4187-BE63-1912A34E5CEF}.Debug|x86.ActiveCfg = Debug|x86
		{40028F1B-C6CE-4187-BE63-1912A34E5CEF}.Debug|x86.Build.0 = Debug|x86
		{40028F1B-C6CE-4187-BE63-1912A34E5CEF}.Debug|x86.Deploy.0 = Debug|x86
		{40028F1B-C6CE-4187-BE63-1912A34E5CEF}.Release|ARM.ActiveCfg = Release|ARM
		{40028F1B-C6CE-4187-BE63-1912A34E5CEF}.Release|ARM.Build.0 = Release|ARM
		{40028F1B-C6CE-4187-BE63-1912A34E5CEF}.Release|ARM.Deploy.0 = Release|ARM
		{40028F1B-C6CE-4187-BE63-1912A34E5CEF}.Release|x64.ActiveCfg = Release|x64
		{40028F1B-C6CE-4187-BE63-1912A34E5CEF}.Release|x64.Build.0 = Release|x64
		{40028F1B-C6CE-4187-BE63-1912A34E5CEF}.Release|x64.Deploy.0 = Release|x64
		{40028F1B-C6CE-4187-BE63-1912A34E5CEF}.Release|x86.ActiveCfg = Release|x86
		{40028F1B-C6CE-4187-BE63-1912A34E5CEF}.Release|x86.Build.0 = Release|x86
		{40028F1B-C6CE-4187-BE63-1912A34E5CEF}.Release|x86.Deploy.0 = Release|x86
	EndGlobalSection
	GlobalSection(SolutionProperties) = preSolution
		HideSolutionNode = FALSE
	EndGlobalSection
EndGlobal
