
Microsoft Visual Studio Solution File, Format Version 12.00
# Visual Studio Version 16
VisualStudioVersion = 16.0.29709.97
MinimumVisualStudioVersion = 10.0.40219.1
Project("{8BC9CEB8-8B4A-11D0-8D11-00A0C91BC942}") = "MFMP4ToYUVWithoutMFT", "MFMP4ToYUVWithoutMFT.vcxproj", "{261BE08B-B880-483C-979D-CF9DD79CDB59}"
EndProject
Global
	GlobalSection(SolutionConfigurationPlatforms) = preSolution
		Debug|x86 = Debug|x86
		Release|x86 = Release|x86
	EndGlobalSection
	GlobalSection(ProjectConfigurationPlatforms) = postSolution
		{261BE08B-B880-483C-979D-CF9DD79CDB59}.Debug|x86.ActiveCfg = Debug|Win32
		{261BE08B-B880-483C-979D-CF9DD79CDB59}.Debug|x86.Build.0 = Debug|Win32
		{261BE08B-B880-483C-979D-CF9DD79CDB59}.Release|x86.ActiveCfg = Release|Win32
		{261BE08B-B880-483C-979D-CF9DD79CDB59}.Release|x86.Build.0 = Release|Win32
	EndGlobalSection
	GlobalSection(SolutionProperties) = preSolution
		HideSolutionNode = FALSE
	EndGlobalSection
	GlobalSection(ExtensibilityGlobals) = postSolution
		SolutionGuid = {B5D43FFC-27C6-43A3-AA6D-FCB5FAB0B41C}
	EndGlobalSection
EndGlobal
